// !$*UTF8*$!
{
	archiveVersion = 1;
	classes = {
	};
	objectVersion = 50;
	objects = {

/* Begin PBXBuildFile section */
		9DBD20092140D1300047905E /* AppDelegate.swift in Sources */ = {isa = PBXBuildFile; fileRef = 9DBD20082140D1300047905E /* AppDelegate.swift */; };
		9DBD20102140D1300047905E /* Assets.xcassets in Resources */ = {isa = PBXBuildFile; fileRef = 9DBD200F2140D1300047905E /* Assets.xcassets */; };
		9DBD20132140D1300047905E /* LaunchScreen.storyboard in Resources */ = {isa = PBXBuildFile; fileRef = 9DBD20112140D1300047905E /* LaunchScreen.storyboard */; };
		9DBD201C2140D19D0047905E /* ImageCollectionViewCell.swift in Sources */ = {isa = PBXBuildFile; fileRef = 9DBD201A2140D19D0047905E /* ImageCollectionViewCell.swift */; };
		9DBD201F2140D1AE0047905E /* Main.storyboard in Resources */ = {isa = PBXBuildFile; fileRef = 9DBD201E2140D1AE0047905E /* Main.storyboard */; };
		9DBD20232140D30F0047905E /* SolDescription.swift in Sources */ = {isa = PBXBuildFile; fileRef = 9DBD20202140D30F0047905E /* SolDescription.swift */; };
		9DBD20242140D30F0047905E /* MarsPhotoReference.swift in Sources */ = {isa = PBXBuildFile; fileRef = 9DBD20212140D30F0047905E /* MarsPhotoReference.swift */; };
		9DBD20252140D30F0047905E /* MarsRover.swift in Sources */ = {isa = PBXBuildFile; fileRef = 9DBD20222140D30F0047905E /* MarsRover.swift */; };
		9DBD202A2140D35B0047905E /* MarsRoverClient.swift in Sources */ = {isa = PBXBuildFile; fileRef = 9DBD20292140D35A0047905E /* MarsRoverClient.swift */; };
		9DBD202F2140D7720047905E /* Camera.swift in Sources */ = {isa = PBXBuildFile; fileRef = 9DBD202E2140D7720047905E /* Camera.swift */; };
		9DBD20322140DE100047905E /* URL+Secure.swift in Sources */ = {isa = PBXBuildFile; fileRef = 9DBD20312140DE100047905E /* URL+Secure.swift */; };
		9DBD20342140DF1D0047905E /* PhotosCollectionViewController.swift in Sources */ = {isa = PBXBuildFile; fileRef = 9DBD20332140DF1D0047905E /* PhotosCollectionViewController.swift */; };
		9DBD20382140E46E0047905E /* ConcurrentOperation.swift in Sources */ = {isa = PBXBuildFile; fileRef = 9DBD20362140E46E0047905E /* ConcurrentOperation.swift */; };
		D614789222F273A700418BEF /* Cache.swift in Sources */ = {isa = PBXBuildFile; fileRef = D614789122F273A700418BEF /* Cache.swift */; };
		D614789422F3C4AB00418BEF /* FetchPhotoOperation.swift in Sources */ = {isa = PBXBuildFile; fileRef = D614789322F3C4AB00418BEF /* FetchPhotoOperation.swift */; };
/* End PBXBuildFile section */

/* Begin PBXFileReference section */
		9DBD20052140D1300047905E /* Astronomy.app */ = {isa = PBXFileReference; explicitFileType = wrapper.application; includeInIndex = 0; path = Astronomy.app; sourceTree = BUILT_PRODUCTS_DIR; };
		9DBD20082140D1300047905E /* AppDelegate.swift */ = {isa = PBXFileReference; lastKnownFileType = sourcecode.swift; path = AppDelegate.swift; sourceTree = "<group>"; };
		9DBD200F2140D1300047905E /* Assets.xcassets */ = {isa = PBXFileReference; lastKnownFileType = folder.assetcatalog; path = Assets.xcassets; sourceTree = "<group>"; };
		9DBD20122140D1300047905E /* Base */ = {isa = PBXFileReference; lastKnownFileType = file.storyboard; name = Base; path = Base.lproj/LaunchScreen.storyboard; sourceTree = "<group>"; };
		9DBD20142140D1300047905E /* Info.plist */ = {isa = PBXFileReference; lastKnownFileType = text.plist.xml; path = Info.plist; sourceTree = "<group>"; };
		9DBD201A2140D19D0047905E /* ImageCollectionViewCell.swift */ = {isa = PBXFileReference; fileEncoding = 4; lastKnownFileType = sourcecode.swift; path = ImageCollectionViewCell.swift; sourceTree = "<group>"; };
		9DBD201E2140D1AE0047905E /* Main.storyboard */ = {isa = PBXFileReference; fileEncoding = 4; lastKnownFileType = file.storyboard; path = Main.storyboard; sourceTree = "<group>"; };
		9DBD20202140D30F0047905E /* SolDescription.swift */ = {isa = PBXFileReference; fileEncoding = 4; lastKnownFileType = sourcecode.swift; path = SolDescription.swift; sourceTree = "<group>"; };
		9DBD20212140D30F0047905E /* MarsPhotoReference.swift */ = {isa = PBXFileReference; fileEncoding = 4; lastKnownFileType = sourcecode.swift; path = MarsPhotoReference.swift; sourceTree = "<group>"; };
		9DBD20222140D30F0047905E /* MarsRover.swift */ = {isa = PBXFileReference; fileEncoding = 4; lastKnownFileType = sourcecode.swift; path = MarsRover.swift; sourceTree = "<group>"; };
		9DBD20292140D35A0047905E /* MarsRoverClient.swift */ = {isa = PBXFileReference; fileEncoding = 4; lastKnownFileType = sourcecode.swift; path = MarsRoverClient.swift; sourceTree = "<group>"; };
		9DBD202E2140D7720047905E /* Camera.swift */ = {isa = PBXFileReference; lastKnownFileType = sourcecode.swift; path = Camera.swift; sourceTree = "<group>"; };
		9DBD20312140DE100047905E /* URL+Secure.swift */ = {isa = PBXFileReference; lastKnownFileType = sourcecode.swift; path = "URL+Secure.swift"; sourceTree = "<group>"; };
		9DBD20332140DF1D0047905E /* PhotosCollectionViewController.swift */ = {isa = PBXFileReference; fileEncoding = 4; lastKnownFileType = sourcecode.swift; path = PhotosCollectionViewController.swift; sourceTree = "<group>"; };
		9DBD20362140E46E0047905E /* ConcurrentOperation.swift */ = {isa = PBXFileReference; fileEncoding = 4; lastKnownFileType = sourcecode.swift; path = ConcurrentOperation.swift; sourceTree = "<group>"; };
		D614789122F273A700418BEF /* Cache.swift */ = {isa = PBXFileReference; lastKnownFileType = sourcecode.swift; path = Cache.swift; sourceTree = "<group>"; };
		D614789322F3C4AB00418BEF /* FetchPhotoOperation.swift */ = {isa = PBXFileReference; lastKnownFileType = sourcecode.swift; path = FetchPhotoOperation.swift; sourceTree = "<group>"; };
/* End PBXFileReference section */

/* Begin PBXFrameworksBuildPhase section */
		9DBD20022140D1300047905E /* Frameworks */ = {
			isa = PBXFrameworksBuildPhase;
			buildActionMask = 2147483647;
			files = (
			);
			runOnlyForDeploymentPostprocessing = 0;
		};
/* End PBXFrameworksBuildPhase section */

/* Begin PBXGroup section */
		9DBD1FFC2140D1300047905E = {
			isa = PBXGroup;
			children = (
				9DBD20072140D1300047905E /* Astronomy */,
				9DBD20062140D1300047905E /* Products */,
			);
			sourceTree = "<group>";
		};
		9DBD20062140D1300047905E /* Products */ = {
			isa = PBXGroup;
			children = (
				9DBD20052140D1300047905E /* Astronomy.app */,
			);
			name = Products;
			sourceTree = "<group>";
		};
		9DBD20072140D1300047905E /* Astronomy */ = {
			isa = PBXGroup;
			children = (
				9DBD20082140D1300047905E /* AppDelegate.swift */,
				9DBD20272140D31B0047905E /* Model */,
				9DBD20282140D31F0047905E /* Views */,
				9DBD20262140D3130047905E /* View Controllers */,
				9DBD202B2140D3600047905E /* Networking */,
				9DBD20352140E45D0047905E /* Operations */,
				9DBD20302140DDCF0047905E /* Utilities */,
				9DBD200F2140D1300047905E /* Assets.xcassets */,
				9DBD201E2140D1AE0047905E /* Main.storyboard */,
				9DBD20112140D1300047905E /* LaunchScreen.storyboard */,
				9DBD20142140D1300047905E /* Info.plist */,
			);
			path = Astronomy;
			sourceTree = "<group>";
		};
		9DBD20262140D3130047905E /* View Controllers */ = {
			isa = PBXGroup;
			children = (
				9DBD20332140DF1D0047905E /* PhotosCollectionViewController.swift */,
			);
			path = "View Controllers";
			sourceTree = "<group>";
		};
		9DBD20272140D31B0047905E /* Model */ = {
			isa = PBXGroup;
			children = (
				9DBD20212140D30F0047905E /* MarsPhotoReference.swift */,
				9DBD20222140D30F0047905E /* MarsRover.swift */,
				9DBD20202140D30F0047905E /* SolDescription.swift */,
				9DBD202E2140D7720047905E /* Camera.swift */,
			);
			path = Model;
			sourceTree = "<group>";
		};
		9DBD20282140D31F0047905E /* Views */ = {
			isa = PBXGroup;
			children = (
				9DBD201A2140D19D0047905E /* ImageCollectionViewCell.swift */,
			);
			path = Views;
			sourceTree = "<group>";
		};
		9DBD202B2140D3600047905E /* Networking */ = {
			isa = PBXGroup;
			children = (
				9DBD20292140D35A0047905E /* MarsRoverClient.swift */,
			);
			path = Networking;
			sourceTree = "<group>";
		};
		9DBD20302140DDCF0047905E /* Utilities */ = {
			isa = PBXGroup;
			children = (
				9DBD20312140DE100047905E /* URL+Secure.swift */,
				D614789122F273A700418BEF /* Cache.swift */,
			);
			path = Utilities;
			sourceTree = "<group>";
		};
		9DBD20352140E45D0047905E /* Operations */ = {
			isa = PBXGroup;
			children = (
				9DBD20362140E46E0047905E /* ConcurrentOperation.swift */,
				D614789322F3C4AB00418BEF /* FetchPhotoOperation.swift */,
			);
			path = Operations;
			sourceTree = "<group>";
		};
/* End PBXGroup section */

/* Begin PBXNativeTarget section */
		9DBD20042140D1300047905E /* Astronomy */ = {
			isa = PBXNativeTarget;
			buildConfigurationList = 9DBD20172140D1300047905E /* Build configuration list for PBXNativeTarget "Astronomy" */;
			buildPhases = (
				9DBD20012140D1300047905E /* Sources */,
				9DBD20022140D1300047905E /* Frameworks */,
				9DBD20032140D1300047905E /* Resources */,
			);
			buildRules = (
			);
			dependencies = (
			);
			name = Astronomy;
			productName = Astronomy;
			productReference = 9DBD20052140D1300047905E /* Astronomy.app */;
			productType = "com.apple.product-type.application";
		};
/* End PBXNativeTarget section */

/* Begin PBXProject section */
		9DBD1FFD2140D1300047905E /* Project object */ = {
			isa = PBXProject;
			attributes = {
				LastSwiftUpdateCheck = 0940;
				LastUpgradeCheck = 0940;
				ORGANIZATIONNAME = "Lambda School";
				TargetAttributes = {
					9DBD20042140D1300047905E = {
						CreatedOnToolsVersion = 9.4.1;
						LastSwiftMigration = 1030;
					};
				};
			};
			buildConfigurationList = 9DBD20002140D1300047905E /* Build configuration list for PBXProject "Astronomy" */;
			compatibilityVersion = "Xcode 9.3";
			developmentRegion = en;
			hasScannedForEncodings = 0;
			knownRegions = (
				en,
				Base,
			);
			mainGroup = 9DBD1FFC2140D1300047905E;
			productRefGroup = 9DBD20062140D1300047905E /* Products */;
			projectDirPath = "";
			projectRoot = "";
			targets = (
				9DBD20042140D1300047905E /* Astronomy */,
			);
		};
/* End PBXProject section */

/* Begin PBXResourcesBuildPhase section */
		9DBD20032140D1300047905E /* Resources */ = {
			isa = PBXResourcesBuildPhase;
			buildActionMask = 2147483647;
			files = (
				9DBD201F2140D1AE0047905E /* Main.storyboard in Resources */,
				9DBD20132140D1300047905E /* LaunchScreen.storyboard in Resources */,
				9DBD20102140D1300047905E /* Assets.xcassets in Resources */,
			);
			runOnlyForDeploymentPostprocessing = 0;
		};
/* End PBXResourcesBuildPhase section */

/* Begin PBXSourcesBuildPhase section */
		9DBD20012140D1300047905E /* Sources */ = {
			isa = PBXSourcesBuildPhase;
			buildActionMask = 2147483647;
			files = (
				9DBD20382140E46E0047905E /* ConcurrentOperation.swift in Sources */,
				9DBD20322140DE100047905E /* URL+Secure.swift in Sources */,
				9DBD201C2140D19D0047905E /* ImageCollectionViewCell.swift in Sources */,
				9DBD20342140DF1D0047905E /* PhotosCollectionViewController.swift in Sources */,
				D614789222F273A700418BEF /* Cache.swift in Sources */,
				D614789422F3C4AB00418BEF /* FetchPhotoOperation.swift in Sources */,
				9DBD20252140D30F0047905E /* MarsRover.swift in Sources */,
				9DBD202A2140D35B0047905E /* MarsRoverClient.swift in Sources */,
				9DBD20232140D30F0047905E /* SolDescription.swift in Sources */,
				9DBD20092140D1300047905E /* AppDelegate.swift in Sources */,
				9DBD20242140D30F0047905E /* MarsPhotoReference.swift in Sources */,
				9DBD202F2140D7720047905E /* Camera.swift in Sources */,
			);
			runOnlyForDeploymentPostprocessing = 0;
		};
/* End PBXSourcesBuildPhase section */

/* Begin PBXVariantGroup section */
		9DBD20112140D1300047905E /* LaunchScreen.storyboard */ = {
			isa = PBXVariantGroup;
			children = (
				9DBD20122140D1300047905E /* Base */,
			);
			name = LaunchScreen.storyboard;
			sourceTree = "<group>";
		};
/* End PBXVariantGroup section */

/* Begin XCBuildConfiguration section */
		9DBD20152140D1300047905E /* Debug */ = {
			isa = XCBuildConfiguration;
			buildSettings = {
				ALWAYS_SEARCH_USER_PATHS = NO;
				CLANG_ANALYZER_NONNULL = YES;
				CLANG_ANALYZER_NUMBER_OBJECT_CONVERSION = YES_AGGRESSIVE;
				CLANG_CXX_LANGUAGE_STANDARD = "gnu++14";
				CLANG_CXX_LIBRARY = "libc++";
				CLANG_ENABLE_MODULES = YES;
				CLANG_ENABLE_OBJC_ARC = YES;
				CLANG_ENABLE_OBJC_WEAK = YES;
				CLANG_WARN_BLOCK_CAPTURE_AUTORELEASING = YES;
				CLANG_WARN_BOOL_CONVERSION = YES;
				CLANG_WARN_COMMA = YES;
				CLANG_WARN_CONSTANT_CONVERSION = YES;
				CLANG_WARN_DEPRECATED_OBJC_IMPLEMENTATIONS = YES;
				CLANG_WARN_DIRECT_OBJC_ISA_USAGE = YES_ERROR;
				CLANG_WARN_DOCUMENTATION_COMMENTS = YES;
				CLANG_WARN_EMPTY_BODY = YES;
				CLANG_WARN_ENUM_CONVERSION = YES;
				CLANG_WARN_INFINITE_RECURSION = YES;
				CLANG_WARN_INT_CONVERSION = YES;
				CLANG_WARN_NON_LITERAL_NULL_CONVERSION = YES;
				CLANG_WARN_OBJC_IMPLICIT_RETAIN_SELF = YES;
				CLANG_WARN_OBJC_LITERAL_CONVERSION = YES;
				CLANG_WARN_OBJC_ROOT_CLASS = YES_ERROR;
				CLANG_WARN_RANGE_LOOP_ANALYSIS = YES;
				CLANG_WARN_STRICT_PROTOTYPES = YES;
				CLANG_WARN_SUSPICIOUS_MOVE = YES;
				CLANG_WARN_UNGUARDED_AVAILABILITY = YES_AGGRESSIVE;
				CLANG_WARN_UNREACHABLE_CODE = YES;
				CLANG_WARN__DUPLICATE_METHOD_MATCH = YES;
				CODE_SIGN_IDENTITY = "iPhone Developer";
				COPY_PHASE_STRIP = NO;
				DEBUG_INFORMATION_FORMAT = dwarf;
				ENABLE_STRICT_OBJC_MSGSEND = YES;
				ENABLE_TESTABILITY = YES;
				GCC_C_LANGUAGE_STANDARD = gnu11;
				GCC_DYNAMIC_NO_PIC = NO;
				GCC_NO_COMMON_BLOCKS = YES;
				GCC_OPTIMIZATION_LEVEL = 0;
				GCC_PREPROCESSOR_DEFINITIONS = (
					"DEBUG=1",
					"$(inherited)",
				);
				GCC_WARN_64_TO_32_BIT_CONVERSION = YES;
				GCC_WARN_ABOUT_RETURN_TYPE = YES_ERROR;
				GCC_WARN_UNDECLARED_SELECTOR = YES;
				GCC_WARN_UNINITIALIZED_AUTOS = YES_AGGRESSIVE;
				GCC_WARN_UNUSED_FUNCTION = YES;
				GCC_WARN_UNUSED_VARIABLE = YES;
				IPHONEOS_DEPLOYMENT_TARGET = 11.4;
				MTL_ENABLE_DEBUG_INFO = YES;
				ONLY_ACTIVE_ARCH = YES;
				SDKROOT = iphoneos;
				SWIFT_ACTIVE_COMPILATION_CONDITIONS = DEBUG;
				SWIFT_OPTIMIZATION_LEVEL = "-Onone";
			};
			name = Debug;
		};
		9DBD20162140D1300047905E /* Release */ = {
			isa = XCBuildConfiguration;
			buildSettings = {
				ALWAYS_SEARCH_USER_PATHS = NO;
				CLANG_ANALYZER_NONNULL = YES;
				CLANG_ANALYZER_NUMBER_OBJECT_CONVERSION = YES_AGGRESSIVE;
				CLANG_CXX_LANGUAGE_STANDARD = "gnu++14";
				CLANG_CXX_LIBRARY = "libc++";
				CLANG_ENABLE_MODULES = YES;
				CLANG_ENABLE_OBJC_ARC = YES;
				CLANG_ENABLE_OBJC_WEAK = YES;
				CLANG_WARN_BLOCK_CAPTURE_AUTORELEASING = YES;
				CLANG_WARN_BOOL_CONVERSION = YES;
				CLANG_WARN_COMMA = YES;
				CLANG_WARN_CONSTANT_CONVERSION = YES;
				CLANG_WARN_DEPRECATED_OBJC_IMPLEMENTATIONS = YES;
				CLANG_WARN_DIRECT_OBJC_ISA_USAGE = YES_ERROR;
				CLANG_WARN_DOCUMENTATION_COMMENTS = YES;
				CLANG_WARN_EMPTY_BODY = YES;
				CLANG_WARN_ENUM_CONVERSION = YES;
				CLANG_WARN_INFINITE_RECURSION = YES;
				CLANG_WARN_INT_CONVERSION = YES;
				CLANG_WARN_NON_LITERAL_NULL_CONVERSION = YES;
				CLANG_WARN_OBJC_IMPLICIT_RETAIN_SELF = YES;
				CLANG_WARN_OBJC_LITERAL_CONVERSION = YES;
				CLANG_WARN_OBJC_ROOT_CLASS = YES_ERROR;
				CLANG_WARN_RANGE_LOOP_ANALYSIS = YES;
				CLANG_WARN_STRICT_PROTOTYPES = YES;
				CLANG_WARN_SUSPICIOUS_MOVE = YES;
				CLANG_WARN_UNGUARDED_AVAILABILITY = YES_AGGRESSIVE;
				CLANG_WARN_UNREACHABLE_CODE = YES;
				CLANG_WARN__DUPLICATE_METHOD_MATCH = YES;
				CODE_SIGN_IDENTITY = "iPhone Developer";
				COPY_PHASE_STRIP = NO;
				DEBUG_INFORMATION_FORMAT = "dwarf-with-dsym";
				ENABLE_NS_ASSERTIONS = NO;
				ENABLE_STRICT_OBJC_MSGSEND = YES;
				GCC_C_LANGUAGE_STANDARD = gnu11;
				GCC_NO_COMMON_BLOCKS = YES;
				GCC_WARN_64_TO_32_BIT_CONVERSION = YES;
				GCC_WARN_ABOUT_RETURN_TYPE = YES_ERROR;
				GCC_WARN_UNDECLARED_SELECTOR = YES;
				GCC_WARN_UNINITIALIZED_AUTOS = YES_AGGRESSIVE;
				GCC_WARN_UNUSED_FUNCTION = YES;
				GCC_WARN_UNUSED_VARIABLE = YES;
				IPHONEOS_DEPLOYMENT_TARGET = 11.4;
				MTL_ENABLE_DEBUG_INFO = NO;
				SDKROOT = iphoneos;
				SWIFT_COMPILATION_MODE = wholemodule;
				SWIFT_OPTIMIZATION_LEVEL = "-O";
				VALIDATE_PRODUCT = YES;
			};
			name = Release;
		};
		9DBD20182140D1300047905E /* Debug */ = {
			isa = XCBuildConfiguration;
			buildSettings = {
				ASSETCATALOG_COMPILER_APPICON_NAME = AppIcon;
				CODE_SIGN_STYLE = Automatic;
				DEVELOPMENT_TEAM = VXUQXR6S56;
				INFOPLIST_FILE = Astronomy/Info.plist;
				LD_RUNPATH_SEARCH_PATHS = (
					"$(inherited)",
					"@executable_path/Frameworks",
				);
				PRODUCT_BUNDLE_IDENTIFIER = com.lambdaschool.Astronomy;
				PRODUCT_NAME = "$(TARGET_NAME)";
				SWIFT_VERSION = 5.0;
				TARGETED_DEVICE_FAMILY = "1,2";
			};
			name = Debug;
		};
		9DBD20192140D1300047905E /* Release */ = {
			isa = XCBuildConfiguration;
			buildSettings = {
				ASSETCATALOG_COMPILER_APPICON_NAME = AppIcon;
				CODE_SIGN_STYLE = Automatic;
				DEVELOPMENT_TEAM = VXUQXR6S56;
				INFOPLIST_FILE = Astronomy/Info.plist;
				LD_RUNPATH_SEARCH_PATHS = (
					"$(inherited)",
					"@executable_path/Frameworks",
				);
				PRODUCT_BUNDLE_IDENTIFIER = com.lambdaschool.Astronomy;
				PRODUCT_NAME = "$(TARGET_NAME)";
				SWIFT_VERSION = 5.0;
				TARGETED_DEVICE_FAMILY = "1,2";
			};
			name = Release;
		};
/* End XCBuildConfiguration section */

/* Begin XCConfigurationList section */
		9DBD20002140D1300047905E /* Build configuration list for PBXProject "Astronomy" */ = {
			isa = XCConfigurationList;
			buildConfigurations = (
				9DBD20152140D1300047905E /* Debug */,
				9DBD20162140D1300047905E /* Release */,
			);
			defaultConfigurationIsVisible = 0;
			defaultConfigurationName = Release;
		};
		9DBD20172140D1300047905E /* Build configuration list for PBXNativeTarget "Astronomy" */ = {
			isa = XCConfigurationList;
			buildConfigurations = (
				9DBD20182140D1300047905E /* Debug */,
				9DBD20192140D1300047905E /* Release */,
			);
			defaultConfigurationIsVisible = 0;
			defaultConfigurationName = Release;
		};
/* End XCConfigurationList section */
	};
	rootObject = 9DBD1FFD2140D1300047905E /* Project object */;
}
